
Microsoft Visual Studio Solution File, Format Version 12.00
# Visual Studio Version 17
VisualStudioVersion = 17.13.35825.156 d17.13
MinimumVisualStudioVersion = 10.0.40219.1
Project("{FAE04EC0-301F-11D3-BF4B-00C04F79EFBC}") = "SenderApiInterface", "SenderApiInterface.csproj", "{348C28FE-E1BF-4B53-A765-014879D2ECFB}"
EndProject
Global
	GlobalSection(SolutionConfigurationPlatforms) = preSolution
		Debug|Any CPU = Debug|Any CPU
		Release|Any CPU = Release|Any CPU
	EndGlobalSection
	GlobalSection(ProjectConfigurationPlatforms) = postSolution
		{348C28FE-E1BF-4B53-A765-014879D2ECFB}.Debug|Any CPU.ActiveCfg = Debug|Any CPU
		{348C28FE-E1BF-4B53-A765-014879D2ECFB}.Debug|Any CPU.Build.0 = Debug|Any CPU
		{348C28FE-E1BF-4B53-A765-014879D2ECFB}.Release|Any CPU.ActiveCfg = Release|Any CPU
		{348C28FE-E1BF-4B53-A765-014879D2ECFB}.Release|Any CPU.Build.0 = Release|Any CPU
	EndGlobalSection
	GlobalSection(SolutionProperties) = preSolution
		HideSolutionNode = FALSE
	EndGlobalSection
	GlobalSection(ExtensibilityGlobals) = postSolution
		SolutionGuid = {246F727F-9167-48F5-9426-7AB11EB71132}
	EndGlobalSection
EndGlobal
